
Microsoft Visual Studio Solution File, Format Version 12.00
Project("{FAE04EC0-301F-11D3-BF4B-00C04F79EFBC}") = "App", "App\App.csproj", "{2AF391C3-CEF9-4360-A0A9-7A4852D55650}"
EndProject
Project("{FAE04EC0-301F-11D3-BF4B-00C04F79EFBC}") = "Db", "Db\Db.csproj", "{43E81DA3-9F4D-4DEF-A29F-3C70610DC0F8}"
EndProject
Global
	GlobalSection(SolutionConfigurationPlatforms) = preSolution
		Debug|Any CPU = Debug|Any CPU
		Release|Any CPU = Release|Any CPU
	EndGlobalSection
	GlobalSection(ProjectConfigurationPlatforms) = postSolution
		{2AF391C3-CEF9-4360-A0A9-7A4852D55650}.Debug|Any CPU.ActiveCfg = Debug|Any CPU
		{2AF391C3-CEF9-4360-A0A9-7A4852D55650}.Debug|Any CPU.Build.0 = Debug|Any CPU
		{2AF391C3-CEF9-4360-A0A9-7A4852D55650}.Release|Any CPU.ActiveCfg = Release|Any CPU
		{2AF391C3-CEF9-4360-A0A9-7A4852D55650}.Release|Any CPU.Build.0 = Release|Any CPU
		{43E81DA3-9F4D-4DEF-A29F-3C70610DC0F8}.Debug|Any CPU.ActiveCfg = Debug|Any CPU
		{43E81DA3-9F4D-4DEF-A29F-3C70610DC0F8}.Debug|Any CPU.Build.0 = Debug|Any CPU
		{43E81DA3-9F4D-4DEF-A29F-3C70610DC0F8}.Release|Any CPU.ActiveCfg = Release|Any CPU
		{43E81DA3-9F4D-4DEF-A29F-3C70610DC0F8}.Release|Any CPU.Build.0 = Release|Any CPU
	EndGlobalSection
EndGlobal
